// !$*UTF8*$!
{
	archiveVersion = 1;
	classes = {
	};
	objectVersion = 56;
	objects = {

/* Begin PBXBuildFile section */
		A1B2C3D4E5F60001000A0001 /* FamFinApp.swift in Sources */ = {isa = PBXBuildFile; fileRef = A1B2C3D4E5F60002000A0001 /* FamFinApp.swift */; };
		A1B2C3D4E5F60001000A0002 /* ContentView.swift in Sources */ = {isa = PBXBuildFile; fileRef = A1B2C3D4E5F60002000A0002 /* ContentView.swift */; };
		A1B2C3D4E5F60001000A0003 /* Account.swift in Sources */ = {isa = PBXBuildFile; fileRef = A1B2C3D4E5F60002000A0003 /* Account.swift */; };
		A1B2C3D4E5F60001000A0004 /* Transaction.swift in Sources */ = {isa = PBXBuildFile; fileRef = A1B2C3D4E5F60002000A0004 /* Transaction.swift */; };
		A1B2C3D4E5F60001000A0005 /* Category.swift in Sources */ = {isa = PBXBuildFile; fileRef = A1B2C3D4E5F60002000A0005 /* Category.swift */; };
		A1B2C3D4E5F60001000A0006 /* BudgetMonth.swift in Sources */ = {isa = PBXBuildFile; fileRef = A1B2C3D4E5F60002000A0006 /* BudgetMonth.swift */; };
		A1B2C3D4E5F60001000A0007 /* BudgetAllocation.swift in Sources */ = {isa = PBXBuildFile; fileRef = A1B2C3D4E5F60002000A0007 /* BudgetAllocation.swift */; };
		A1B2C3D4E5F60001000A0009 /* BudgetView.swift in Sources */ = {isa = PBXBuildFile; fileRef = A1B2C3D4E5F60002000A0009 /* BudgetView.swift */; };
		A1B2C3D4E5F60001000A000A /* AccountsView.swift in Sources */ = {isa = PBXBuildFile; fileRef = A1B2C3D4E5F60002000A000A /* AccountsView.swift */; };
		A1B2C3D4E5F60001000A000B /* TransactionsView.swift in Sources */ = {isa = PBXBuildFile; fileRef = A1B2C3D4E5F60002000A000B /* TransactionsView.swift */; };
		A1B2C3D4E5F60001000A000E /* Assets.xcassets in Resources */ = {isa = PBXBuildFile; fileRef = A1B2C3D4E5F60002000A000E /* Assets.xcassets */; };
		A1B2C3D4E5F60001000A000F /* Preview Assets.xcassets in Resources */ = {isa = PBXBuildFile; fileRef = A1B2C3D4E5F60002000A000F /* Preview Assets.xcassets */; };
		A1B2C3D4E5F60001000A0010 /* DefaultCategories.swift in Sources */ = {isa = PBXBuildFile; fileRef = A1B2C3D4E5F60002000A0010 /* DefaultCategories.swift */; };
		A1B2C3D4E5F60001000A0011 /* CurrencyFormatter.swift in Sources */ = {isa = PBXBuildFile; fileRef = A1B2C3D4E5F60002000A0011 /* CurrencyFormatter.swift */; };
		A1B2C3D4E5F60001000A0012 /* Payee.swift in Sources */ = {isa = PBXBuildFile; fileRef = A1B2C3D4E5F60002000A0012 /* Payee.swift */; };
		A1B2C3D4E5F60001000A0013 /* BudgetCalculator.swift in Sources */ = {isa = PBXBuildFile; fileRef = A1B2C3D4E5F60002000A0013 /* BudgetCalculator.swift */; };
		A1B2C3D4E5F60001000A0015 /* ManageCategoriesView.swift in Sources */ = {isa = PBXBuildFile; fileRef = A1B2C3D4E5F60002000A0015 /* ManageCategoriesView.swift */; };
		A1B2C3D4E5F60001000A0016 /* CurrencySettings.swift in Sources */ = {isa = PBXBuildFile; fileRef = A1B2C3D4E5F60002000A0016 /* CurrencySettings.swift */; };
		A1B2C3D4E5F60001000A0017 /* SettingsView.swift in Sources */ = {isa = PBXBuildFile; fileRef = A1B2C3D4E5F60002000A0017 /* SettingsView.swift */; };
		A1B2C3D4E5F60001000A0018 /* DataExporter.swift in Sources */ = {isa = PBXBuildFile; fileRef = A1B2C3D4E5F60002000A0018 /* DataExporter.swift */; };
		AFB1000000000001 /* AutoFillBudgetView.swift in Sources */ = {isa = PBXBuildFile; fileRef = AFB1000000000002 /* AutoFillBudgetView.swift */; };
		B1C2D3E4F5A60001000B0001 /* TestHelpers.swift in Sources */ = {isa = PBXBuildFile; fileRef = B1C2D3E4F5A60002000B0001 /* TestHelpers.swift */; };
		B1C2D3E4F5A60001000B0002 /* AccountTests.swift in Sources */ = {isa = PBXBuildFile; fileRef = B1C2D3E4F5A60002000B0002 /* AccountTests.swift */; };
		B1C2D3E4F5A60001000B0003 /* CategoryTests.swift in Sources */ = {isa = PBXBuildFile; fileRef = B1C2D3E4F5A60002000B0003 /* CategoryTests.swift */; };
		B1C2D3E4F5A60001000B0004 /* BudgetCalculatorTests.swift in Sources */ = {isa = PBXBuildFile; fileRef = B1C2D3E4F5A60002000B0004 /* BudgetCalculatorTests.swift */; };
		B1C2D3E4F5A60001000B0005 /* CurrencyFormatterTests.swift in Sources */ = {isa = PBXBuildFile; fileRef = B1C2D3E4F5A60002000B0005 /* CurrencyFormatterTests.swift */; };
		B1C2D3E4F5A60001000B0006 /* DataExporterTests.swift in Sources */ = {isa = PBXBuildFile; fileRef = B1C2D3E4F5A60002000B0006 /* DataExporterTests.swift */; };
		B1C2D3E4F5A60001000B0007 /* PayeeTests.swift in Sources */ = {isa = PBXBuildFile; fileRef = B1C2D3E4F5A60002000B0007 /* PayeeTests.swift */; };
		B1C2D3E4F5A60001000B000A /* BudgetMonthTests.swift in Sources */ = {isa = PBXBuildFile; fileRef = B1C2D3E4F5A60002000B000A /* BudgetMonthTests.swift */; };
		B1C2D3E4F5A60001000B000B /* DefaultCategoriesTests.swift in Sources */ = {isa = PBXBuildFile; fileRef = B1C2D3E4F5A60002000B000B /* DefaultCategoriesTests.swift */; };
		B1C2D3E4F5A60001000B000E /* CategoryAveragesTests.swift in Sources */ = {isa = PBXBuildFile; fileRef = B1C2D3E4F5A60002000B000E /* CategoryAveragesTests.swift */; };
		BSB1000000000001 /* BudgetStatusButtons.swift in Sources */ = {isa = PBXBuildFile; fileRef = BSB1000000000002 /* BudgetStatusButtons.swift */; };
		F1A2B3C4D5E60001000F0003 /* SharedModelContainer.swift in Sources */ = {isa = PBXBuildFile; fileRef = F1A2B3C4D5E60002000F0003 /* SharedModelContainer.swift */; };
		F7A8B9C0D1E2F3A4B5C60001 /* AmountKeypad.swift in Sources */ = {isa = PBXBuildFile; fileRef = F7A8B9C0D1E2F3A4B5C60002 /* AmountKeypad.swift */; };
		F7A8B9C0D1E2F3A4B5C60003 /* AmountActionBar.swift in Sources */ = {isa = PBXBuildFile; fileRef = F7A8B9C0D1E2F3A4B5C60004 /* AmountActionBar.swift */; };
		F7A8B9C0D1E2F3A4B5C60005 /* QuickFillPopover.swift in Sources */ = {isa = PBXBuildFile; fileRef = F7A8B9C0D1E2F3A4B5C60006 /* QuickFillPopover.swift */; };
		FOB1000000000001 /* FixOverbudgetedSheet.swift in Sources */ = {isa = PBXBuildFile; fileRef = FOB1000000000002 /* FixOverbudgetedSheet.swift */; };
		FSB1000000000001 /* FixOverspentSheet.swift in Sources */ = {isa = PBXBuildFile; fileRef = FSB1000000000002 /* FixOverspentSheet.swift */; };
		K1P2D3E4F5A60001000A0001 /* AmountKeypadEngine.swift in Sources */ = {isa = PBXBuildFile; fileRef = K1P2D3E4F5A60002000A0001 /* AmountKeypadEngine.swift */; };
		K1P2D3E4F5A60001000B0001 /* AmountKeypadEngineTests.swift in Sources */ = {isa = PBXBuildFile; fileRef = K1P2D3E4F5A60002000B0001 /* AmountKeypadEngineTests.swift */; };
		M1Y2P3K4R5S60001000A0001 /* MonthYearPicker.swift in Sources */ = {isa = PBXBuildFile; fileRef = M1Y2P3K4R5S60002000A0001 /* MonthYearPicker.swift */; };
		P4A1B2C3D5E60001000A0001 /* OnboardingView.swift in Sources */ = {isa = PBXBuildFile; fileRef = P4A1B2C3D5E60002000A0001 /* OnboardingView.swift */; };
		P4A1B2C3D5E60001000A0002 /* OnboardingWelcomeStep.swift in Sources */ = {isa = PBXBuildFile; fileRef = P4A1B2C3D5E60002000A0002 /* OnboardingWelcomeStep.swift */; };
		P4A1B2C3D5E60001000A0003 /* OnboardingCurrencyStep.swift in Sources */ = {isa = PBXBuildFile; fileRef = P4A1B2C3D5E60002000A0003 /* OnboardingCurrencyStep.swift */; };
		P4A1B2C3D5E60001000A0004 /* OnboardingAccountsStep.swift in Sources */ = {isa = PBXBuildFile; fileRef = P4A1B2C3D5E60002000A0004 /* OnboardingAccountsStep.swift */; };
		P4A1B2C3D5E60001000A0005 /* OnboardingCategoriesStep.swift in Sources */ = {isa = PBXBuildFile; fileRef = P4A1B2C3D5E60002000A0005 /* OnboardingCategoriesStep.swift */; };
		P4A1B2C3D5E60001000A0006 /* OnboardingCompletionStep.swift in Sources */ = {isa = PBXBuildFile; fileRef = P4A1B2C3D5E60002000A0006 /* OnboardingCompletionStep.swift */; };
		P4A1B2C3D5E60001000A0007 /* ConfettiView.swift in Sources */ = {isa = PBXBuildFile; fileRef = P4A1B2C3D5E60002000A0007 /* ConfettiView.swift */; };
		P4A1B2C3D5E60001000A0008 /* HapticManager.swift in Sources */ = {isa = PBXBuildFile; fileRef = P4A1B2C3D5E60002000A0008 /* HapticManager.swift */; };
		S1M2O3N4T5H60001000A0001 /* SelectedMonthStore.swift in Sources */ = {isa = PBXBuildFile; fileRef = S1M2O3N4T5H60002000A0001 /* SelectedMonthStore.swift */; };
		T1X0000000000001 /* CategoryGrouping.swift in Sources */ = {isa = PBXBuildFile; fileRef = T1X0000000000002 /* CategoryGrouping.swift */; };
		T1X0000000000003 /* PickerRow.swift in Sources */ = {isa = PBXBuildFile; fileRef = T1X0000000000004 /* PickerRow.swift */; };
		T1X0000000000005 /* TransactionFormViewModel.swift in Sources */ = {isa = PBXBuildFile; fileRef = T1X0000000000006 /* TransactionFormViewModel.swift */; };
		T1X0000000000007 /* PayeeSearchSheet.swift in Sources */ = {isa = PBXBuildFile; fileRef = T1X0000000000008 /* PayeeSearchSheet.swift */; };
		T1X0000000000009 /* AccountPickerSheet.swift in Sources */ = {isa = PBXBuildFile; fileRef = T1X000000000000A /* AccountPickerSheet.swift */; };
		T1X000000000000B /* CategoryPickerSheet.swift in Sources */ = {isa = PBXBuildFile; fileRef = T1X000000000000C /* CategoryPickerSheet.swift */; };
		T1X000000000000D /* TransactionAmountHeader.swift in Sources */ = {isa = PBXBuildFile; fileRef = T1X000000000000E /* TransactionAmountHeader.swift */; };
		T1X000000000000F /* TransactionFormContent.swift in Sources */ = {isa = PBXBuildFile; fileRef = T1X0000000000010 /* TransactionFormContent.swift */; };
		T1X0000000000011 /* AddTransactionView.swift in Sources */ = {isa = PBXBuildFile; fileRef = T1X0000000000012 /* AddTransactionView.swift */; };
		T1X0000000000013 /* EditTransactionView.swift in Sources */ = {isa = PBXBuildFile; fileRef = T1X0000000000014 /* EditTransactionView.swift */; };
		T1X0000000000015 /* CalendarDatePicker.swift in Sources */ = {isa = PBXBuildFile; fileRef = T1X0000000000016 /* CalendarDatePicker.swift */; };
		W1D2E3F4A5B60001000A0001 /* FamFinWidgetBundle.swift in Sources */ = {isa = PBXBuildFile; fileRef = W1D2E3F4A5B60002000A0001 /* FamFinWidgetBundle.swift */; };
		W1D2E3F4A5B60001000A0002 /* FamFinTimelineProvider.swift in Sources */ = {isa = PBXBuildFile; fileRef = W1D2E3F4A5B60002000A0002 /* FamFinTimelineProvider.swift */; };
		W1D2E3F4A5B60001000A0003 /* WidgetDataProvider.swift in Sources */ = {isa = PBXBuildFile; fileRef = W1D2E3F4A5B60002000A0003 /* WidgetDataProvider.swift */; };
		W1D2E3F4A5B60001000A0004 /* WidgetCurrencyFormatter.swift in Sources */ = {isa = PBXBuildFile; fileRef = W1D2E3F4A5B60002000A0004 /* WidgetCurrencyFormatter.swift */; };
		W1D2E3F4A5B60001000A0005 /* ToBudgetWidget.swift in Sources */ = {isa = PBXBuildFile; fileRef = W1D2E3F4A5B60002000A0005 /* ToBudgetWidget.swift */; };
		W1D2E3F4A5B60001000A0006 /* AccountsWidget.swift in Sources */ = {isa = PBXBuildFile; fileRef = W1D2E3F4A5B60002000A0006 /* AccountsWidget.swift */; };
		W1D2E3F4A5B60001000A0007 /* BudgetOverviewWidget.swift in Sources */ = {isa = PBXBuildFile; fileRef = W1D2E3F4A5B60002000A0007 /* BudgetOverviewWidget.swift */; };
		W1D2E3F4A5B60001000A0008 /* SmallToBudgetWidget.swift in Sources */ = {isa = PBXBuildFile; fileRef = W1D2E3F4A5B60002000A0008 /* SmallToBudgetWidget.swift */; };
		W1D2E3F4A5B60001000A0009 /* MediumAccountsWidget.swift in Sources */ = {isa = PBXBuildFile; fileRef = W1D2E3F4A5B60002000A0009 /* MediumAccountsWidget.swift */; };
		W1D2E3F4A5B60001000A000A /* LargeBudgetOverviewWidget.swift in Sources */ = {isa = PBXBuildFile; fileRef = W1D2E3F4A5B60002000A000A /* LargeBudgetOverviewWidget.swift */; };
		W1D2E3F4A5B60001000A000B /* LockScreenWidgets.swift in Sources */ = {isa = PBXBuildFile; fileRef = W1D2E3F4A5B60002000A000B /* LockScreenWidgets.swift */; };
		W1D2E3F4A5B60001000A0010 /* Account.swift in Sources */ = {isa = PBXBuildFile; fileRef = A1B2C3D4E5F60002000A0003 /* Account.swift */; };
		W1D2E3F4A5B60001000A0011 /* Transaction.swift in Sources */ = {isa = PBXBuildFile; fileRef = A1B2C3D4E5F60002000A0004 /* Transaction.swift */; };
		W1D2E3F4A5B60001000A0012 /* Category.swift in Sources */ = {isa = PBXBuildFile; fileRef = A1B2C3D4E5F60002000A0005 /* Category.swift */; };
		W1D2E3F4A5B60001000A0013 /* BudgetMonth.swift in Sources */ = {isa = PBXBuildFile; fileRef = A1B2C3D4E5F60002000A0006 /* BudgetMonth.swift */; };
		W1D2E3F4A5B60001000A0014 /* BudgetAllocation.swift in Sources */ = {isa = PBXBuildFile; fileRef = A1B2C3D4E5F60002000A0007 /* BudgetAllocation.swift */; };
		W1D2E3F4A5B60001000A0016 /* Payee.swift in Sources */ = {isa = PBXBuildFile; fileRef = A1B2C3D4E5F60002000A0012 /* Payee.swift */; };
		W1D2E3F4A5B60001000A0018 /* BudgetCalculator.swift in Sources */ = {isa = PBXBuildFile; fileRef = A1B2C3D4E5F60002000A0013 /* BudgetCalculator.swift */; };
		W1D2E3F4A5B60001000A0019 /* CurrencySettings.swift in Sources */ = {isa = PBXBuildFile; fileRef = A1B2C3D4E5F60002000A0016 /* CurrencySettings.swift */; };
		W1D2E3F4A5B60001000A001A /* SharedModelContainer.swift in Sources */ = {isa = PBXBuildFile; fileRef = G1A2B3C4D5E60002000A0027 /* SharedModelContainer.swift */; };
		W1D2E3F4A5B60001000A001B /* FamFinWidgetExtension.appex in Embed Foundation Extensions */ = {isa = PBXBuildFile; fileRef = W1D2E3F4A5B60003000A0001 /* FamFinWidgetExtension.appex */; settings = {ATTRIBUTES = (RemoveHeadersOnCopy, ); }; };
		W1D2E3F4A5B60001000A001C /* WidgetKit.framework in Frameworks */ = {isa = PBXBuildFile; fileRef = W1D2E3F4A5B60002000A000C /* WidgetKit.framework */; };
		W1D2E3F4A5B60001000A001D /* SwiftUI.framework in Frameworks */ = {isa = PBXBuildFile; fileRef = W1D2E3F4A5B60002000A000D /* SwiftUI.framework */; };
		X1A2B3C4D5E60001000A0001 /* ProfileButton.swift in Sources */ = {isa = PBXBuildFile; fileRef = X1A2B3C4D5E60002000A0001 /* ProfileButton.swift */; };
		X1A2B3C4D5E60001000A0002 /* AccountDetailView.swift in Sources */ = {isa = PBXBuildFile; fileRef = X1A2B3C4D5E60002000A0002 /* AccountDetailView.swift */; };
		X1A2B3C4D5E60001000A0003 /* ReconcileView.swift in Sources */ = {isa = PBXBuildFile; fileRef = X1A2B3C4D5E60002000A0003 /* ReconcileView.swift */; };
		X1A2B3C4D5E60001000A0004 /* CategoryDetailView.swift in Sources */ = {isa = PBXBuildFile; fileRef = X1A2B3C4D5E60002000A0004 /* CategoryDetailView.swift */; };
		Y1A2B3C4D5E60001000A0001 /* AppearanceMode.swift in Sources */ = {isa = PBXBuildFile; fileRef = Y1A2B3C4D5E60002000A0001 /* AppearanceMode.swift */; };
/* End PBXBuildFile section */

/* Begin PBXContainerItemProxy section */
		B1C2D3E4F5A60010000B0001 /* PBXContainerItemProxy */ = {
			isa = PBXContainerItemProxy;
			containerPortal = A1B2C3D4E5F60009000A0001 /* Project object */;
			proxyType = 1;
			remoteGlobalIDString = A1B2C3D4E5F60006000A0001;
			remoteInfo = FamFin;
		};
		W1D2E3F4A5B60010000A0001 /* PBXContainerItemProxy */ = {
			isa = PBXContainerItemProxy;
			containerPortal = A1B2C3D4E5F60009000A0001 /* Project object */;
			proxyType = 1;
			remoteGlobalIDString = W1D2E3F4A5B60006000A0001;
			remoteInfo = FamFinWidgetExtension;
		};
/* End PBXContainerItemProxy section */

/* Begin PBXCopyFilesBuildPhase section */
		W1D2E3F4A5B60007000A0003 /* Embed Foundation Extensions */ = {
			isa = PBXCopyFilesBuildPhase;
			buildActionMask = 2147483647;
			dstPath = "";
			dstSubfolderSpec = 13;
			files = (
				W1D2E3F4A5B60001000A001B /* FamFinWidgetExtension.appex in Embed Foundation Extensions */,
			);
			name = "Embed Foundation Extensions";
			runOnlyForDeploymentPostprocessing = 0;
		};
/* End PBXCopyFilesBuildPhase section */

/* Begin PBXFileReference section */
		A1B2C3D4E5F60002000A0001 /* FamFinApp.swift */ = {isa = PBXFileReference; lastKnownFileType = sourcecode.swift; path = FamFinApp.swift; sourceTree = "<group>"; };
		A1B2C3D4E5F60002000A0002 /* ContentView.swift */ = {isa = PBXFileReference; lastKnownFileType = sourcecode.swift; path = ContentView.swift; sourceTree = "<group>"; };
		A1B2C3D4E5F60002000A0003 /* Account.swift */ = {isa = PBXFileReference; lastKnownFileType = sourcecode.swift; path = Account.swift; sourceTree = "<group>"; };
		A1B2C3D4E5F60002000A0004 /* Transaction.swift */ = {isa = PBXFileReference; lastKnownFileType = sourcecode.swift; path = Transaction.swift; sourceTree = "<group>"; };
		A1B2C3D4E5F60002000A0005 /* Category.swift */ = {isa = PBXFileReference; lastKnownFileType = sourcecode.swift; path = Category.swift; sourceTree = "<group>"; };
		A1B2C3D4E5F60002000A0006 /* BudgetMonth.swift */ = {isa = PBXFileReference; lastKnownFileType = sourcecode.swift; path = BudgetMonth.swift; sourceTree = "<group>"; };
		A1B2C3D4E5F60002000A0007 /* BudgetAllocation.swift */ = {isa = PBXFileReference; lastKnownFileType = sourcecode.swift; path = BudgetAllocation.swift; sourceTree = "<group>"; };
		A1B2C3D4E5F60002000A0009 /* BudgetView.swift */ = {isa = PBXFileReference; lastKnownFileType = sourcecode.swift; path = BudgetView.swift; sourceTree = "<group>"; };
		A1B2C3D4E5F60002000A000A /* AccountsView.swift */ = {isa = PBXFileReference; lastKnownFileType = sourcecode.swift; path = AccountsView.swift; sourceTree = "<group>"; };
		A1B2C3D4E5F60002000A000B /* TransactionsView.swift */ = {isa = PBXFileReference; lastKnownFileType = sourcecode.swift; path = TransactionsView.swift; sourceTree = "<group>"; };
		A1B2C3D4E5F60002000A000E /* Assets.xcassets */ = {isa = PBXFileReference; lastKnownFileType = folder.assetcatalog; path = Assets.xcassets; sourceTree = "<group>"; };
		A1B2C3D4E5F60002000A000F /* Preview Assets.xcassets */ = {isa = PBXFileReference; lastKnownFileType = folder.assetcatalog; path = "Preview Assets.xcassets"; sourceTree = "<group>"; };
		A1B2C3D4E5F60002000A0010 /* DefaultCategories.swift */ = {isa = PBXFileReference; lastKnownFileType = sourcecode.swift; path = DefaultCategories.swift; sourceTree = "<group>"; };
		A1B2C3D4E5F60002000A0011 /* CurrencyFormatter.swift */ = {isa = PBXFileReference; lastKnownFileType = sourcecode.swift; path = CurrencyFormatter.swift; sourceTree = "<group>"; };
		A1B2C3D4E5F60002000A0012 /* Payee.swift */ = {isa = PBXFileReference; lastKnownFileType = sourcecode.swift; path = Payee.swift; sourceTree = "<group>"; };
		A1B2C3D4E5F60002000A0013 /* BudgetCalculator.swift */ = {isa = PBXFileReference; lastKnownFileType = sourcecode.swift; path = BudgetCalculator.swift; sourceTree = "<group>"; };
		A1B2C3D4E5F60002000A0015 /* ManageCategoriesView.swift */ = {isa = PBXFileReference; lastKnownFileType = sourcecode.swift; path = ManageCategoriesView.swift; sourceTree = "<group>"; };
		A1B2C3D4E5F60002000A0016 /* CurrencySettings.swift */ = {isa = PBXFileReference; lastKnownFileType = sourcecode.swift; path = CurrencySettings.swift; sourceTree = "<group>"; };
		A1B2C3D4E5F60002000A0017 /* SettingsView.swift */ = {isa = PBXFileReference; lastKnownFileType = sourcecode.swift; path = SettingsView.swift; sourceTree = "<group>"; };
		A1B2C3D4E5F60002000A0018 /* DataExporter.swift */ = {isa = PBXFileReference; lastKnownFileType = sourcecode.swift; path = DataExporter.swift; sourceTree = "<group>"; };
		A1B2C3D4E5F60003000A0001 /* FamFin.app */ = {isa = PBXFileReference; explicitFileType = wrapper.application; includeInIndex = 0; path = FamFin.app; sourceTree = BUILT_PRODUCTS_DIR; };
		AFB1000000000002 /* AutoFillBudgetView.swift */ = {isa = PBXFileReference; lastKnownFileType = sourcecode.swift; path = AutoFillBudgetView.swift; sourceTree = "<group>"; };
		B1C2D3E4F5A60002000B0001 /* TestHelpers.swift */ = {isa = PBXFileReference; lastKnownFileType = sourcecode.swift; path = TestHelpers.swift; sourceTree = "<group>"; };
		B1C2D3E4F5A60002000B0002 /* AccountTests.swift */ = {isa = PBXFileReference; lastKnownFileType = sourcecode.swift; path = AccountTests.swift; sourceTree = "<group>"; };
		B1C2D3E4F5A60002000B0003 /* CategoryTests.swift */ = {isa = PBXFileReference; lastKnownFileType = sourcecode.swift; path = CategoryTests.swift; sourceTree = "<group>"; };
		B1C2D3E4F5A60002000B0004 /* BudgetCalculatorTests.swift */ = {isa = PBXFileReference; lastKnownFileType = sourcecode.swift; path = BudgetCalculatorTests.swift; sourceTree = "<group>"; };
		B1C2D3E4F5A60002000B0005 /* CurrencyFormatterTests.swift */ = {isa = PBXFileReference; lastKnownFileType = sourcecode.swift; path = CurrencyFormatterTests.swift; sourceTree = "<group>"; };
		B1C2D3E4F5A60002000B0006 /* DataExporterTests.swift */ = {isa = PBXFileReference; lastKnownFileType = sourcecode.swift; path = DataExporterTests.swift; sourceTree = "<group>"; };
		B1C2D3E4F5A60002000B0007 /* PayeeTests.swift */ = {isa = PBXFileReference; lastKnownFileType = sourcecode.swift; path = PayeeTests.swift; sourceTree = "<group>"; };
		B1C2D3E4F5A60002000B000A /* BudgetMonthTests.swift */ = {isa = PBXFileReference; lastKnownFileType = sourcecode.swift; path = BudgetMonthTests.swift; sourceTree = "<group>"; };
		B1C2D3E4F5A60002000B000B /* DefaultCategoriesTests.swift */ = {isa = PBXFileReference; lastKnownFileType = sourcecode.swift; path = DefaultCategoriesTests.swift; sourceTree = "<group>"; };
		B1C2D3E4F5A60002000B000E /* CategoryAveragesTests.swift */ = {isa = PBXFileReference; lastKnownFileType = sourcecode.swift; path = CategoryAveragesTests.swift; sourceTree = "<group>"; };
		B1C2D3E4F5A60003000B0001 /* FamFinTests.xctest */ = {isa = PBXFileReference; explicitFileType = wrapper.cfbundle; includeInIndex = 0; path = FamFinTests.xctest; sourceTree = BUILT_PRODUCTS_DIR; };
		BSB1000000000002 /* BudgetStatusButtons.swift */ = {isa = PBXFileReference; lastKnownFileType = sourcecode.swift; path = BudgetStatusButtons.swift; sourceTree = "<group>"; };
		C1D2E3F4A5B60002000C0003 /* FamFin.entitlements */ = {isa = PBXFileReference; lastKnownFileType = text.plist.entitlements; path = FamFin.entitlements; sourceTree = "<group>"; };
		F1A2B3C4D5E60002000F0003 /* SharedModelContainer.swift */ = {isa = PBXFileReference; lastKnownFileType = sourcecode.swift; path = SharedModelContainer.swift; sourceTree = "<group>"; };
		F7A8B9C0D1E2F3A4B5C60002 /* AmountKeypad.swift */ = {isa = PBXFileReference; lastKnownFileType = sourcecode.swift; path = AmountKeypad.swift; sourceTree = "<group>"; };
		F7A8B9C0D1E2F3A4B5C60004 /* AmountActionBar.swift */ = {isa = PBXFileReference; lastKnownFileType = sourcecode.swift; path = AmountActionBar.swift; sourceTree = "<group>"; };
		F7A8B9C0D1E2F3A4B5C60006 /* QuickFillPopover.swift */ = {isa = PBXFileReference; lastKnownFileType = sourcecode.swift; path = QuickFillPopover.swift; sourceTree = "<group>"; };
		FOB1000000000002 /* FixOverbudgetedSheet.swift */ = {isa = PBXFileReference; lastKnownFileType = sourcecode.swift; path = FixOverbudgetedSheet.swift; sourceTree = "<group>"; };
		FSB1000000000002 /* FixOverspentSheet.swift */ = {isa = PBXFileReference; lastKnownFileType = sourcecode.swift; path = FixOverspentSheet.swift; sourceTree = "<group>"; };
		G1A2B3C4D5E60002000A0027 /* SharedModelContainer.swift */ = {isa = PBXFileReference; lastKnownFileType = sourcecode.swift; path = SharedModelContainer.swift; sourceTree = "<group>"; };
		K1P2D3E4F5A60002000A0001 /* AmountKeypadEngine.swift */ = {isa = PBXFileReference; lastKnownFileType = sourcecode.swift; path = AmountKeypadEngine.swift; sourceTree = "<group>"; };
		K1P2D3E4F5A60002000B0001 /* AmountKeypadEngineTests.swift */ = {isa = PBXFileReference; lastKnownFileType = sourcecode.swift; path = AmountKeypadEngineTests.swift; sourceTree = "<group>"; };
		M1Y2P3K4R5S60002000A0001 /* MonthYearPicker.swift */ = {isa = PBXFileReference; lastKnownFileType = sourcecode.swift; path = MonthYearPicker.swift; sourceTree = "<group>"; };
		P4A1B2C3D5E60002000A0001 /* OnboardingView.swift */ = {isa = PBXFileReference; lastKnownFileType = sourcecode.swift; path = OnboardingView.swift; sourceTree = "<group>"; };
		P4A1B2C3D5E60002000A0002 /* OnboardingWelcomeStep.swift */ = {isa = PBXFileReference; lastKnownFileType = sourcecode.swift; path = OnboardingWelcomeStep.swift; sourceTree = "<group>"; };
		P4A1B2C3D5E60002000A0003 /* OnboardingCurrencyStep.swift */ = {isa = PBXFileReference; lastKnownFileType = sourcecode.swift; path = OnboardingCurrencyStep.swift; sourceTree = "<group>"; };
		P4A1B2C3D5E60002000A0004 /* OnboardingAccountsStep.swift */ = {isa = PBXFileReference; lastKnownFileType = sourcecode.swift; path = OnboardingAccountsStep.swift; sourceTree = "<group>"; };
		P4A1B2C3D5E60002000A0005 /* OnboardingCategoriesStep.swift */ = {isa = PBXFileReference; lastKnownFileType = sourcecode.swift; path = OnboardingCategoriesStep.swift; sourceTree = "<group>"; };
		P4A1B2C3D5E60002000A0006 /* OnboardingCompletionStep.swift */ = {isa = PBXFileReference; lastKnownFileType = sourcecode.swift; path = OnboardingCompletionStep.swift; sourceTree = "<group>"; };
		P4A1B2C3D5E60002000A0007 /* ConfettiView.swift */ = {isa = PBXFileReference; lastKnownFileType = sourcecode.swift; path = ConfettiView.swift; sourceTree = "<group>"; };
		P4A1B2C3D5E60002000A0008 /* HapticManager.swift */ = {isa = PBXFileReference; lastKnownFileType = sourcecode.swift; path = HapticManager.swift; sourceTree = "<group>"; };
		S1M2O3N4T5H60002000A0001 /* SelectedMonthStore.swift */ = {isa = PBXFileReference; lastKnownFileType = sourcecode.swift; path = SelectedMonthStore.swift; sourceTree = "<group>"; };
		T1X0000000000002 /* CategoryGrouping.swift */ = {isa = PBXFileReference; lastKnownFileType = sourcecode.swift; path = CategoryGrouping.swift; sourceTree = "<group>"; };
		T1X0000000000004 /* PickerRow.swift */ = {isa = PBXFileReference; lastKnownFileType = sourcecode.swift; path = PickerRow.swift; sourceTree = "<group>"; };
		T1X0000000000006 /* TransactionFormViewModel.swift */ = {isa = PBXFileReference; lastKnownFileType = sourcecode.swift; path = TransactionFormViewModel.swift; sourceTree = "<group>"; };
		T1X0000000000008 /* PayeeSearchSheet.swift */ = {isa = PBXFileReference; lastKnownFileType = sourcecode.swift; path = PayeeSearchSheet.swift; sourceTree = "<group>"; };
		T1X000000000000A /* AccountPickerSheet.swift */ = {isa = PBXFileReference; lastKnownFileType = sourcecode.swift; path = AccountPickerSheet.swift; sourceTree = "<group>"; };
		T1X000000000000C /* CategoryPickerSheet.swift */ = {isa = PBXFileReference; lastKnownFileType = sourcecode.swift; path = CategoryPickerSheet.swift; sourceTree = "<group>"; };
		T1X000000000000E /* TransactionAmountHeader.swift */ = {isa = PBXFileReference; lastKnownFileType = sourcecode.swift; path = TransactionAmountHeader.swift; sourceTree = "<group>"; };
		T1X0000000000010 /* TransactionFormContent.swift */ = {isa = PBXFileReference; lastKnownFileType = sourcecode.swift; path = TransactionFormContent.swift; sourceTree = "<group>"; };
		T1X0000000000012 /* AddTransactionView.swift */ = {isa = PBXFileReference; lastKnownFileType = sourcecode.swift; path = AddTransactionView.swift; sourceTree = "<group>"; };
		T1X0000000000014 /* EditTransactionView.swift */ = {isa = PBXFileReference; lastKnownFileType = sourcecode.swift; path = EditTransactionView.swift; sourceTree = "<group>"; };
		T1X0000000000016 /* CalendarDatePicker.swift */ = {isa = PBXFileReference; lastKnownFileType = sourcecode.swift; path = CalendarDatePicker.swift; sourceTree = "<group>"; };
		W1D2E3F4A5B60002000A0001 /* FamFinWidgetBundle.swift */ = {isa = PBXFileReference; lastKnownFileType = sourcecode.swift; path = FamFinWidgetBundle.swift; sourceTree = "<group>"; };
		W1D2E3F4A5B60002000A0002 /* FamFinTimelineProvider.swift */ = {isa = PBXFileReference; lastKnownFileType = sourcecode.swift; path = FamFinTimelineProvider.swift; sourceTree = "<group>"; };
		W1D2E3F4A5B60002000A0003 /* WidgetDataProvider.swift */ = {isa = PBXFileReference; lastKnownFileType = sourcecode.swift; path = WidgetDataProvider.swift; sourceTree = "<group>"; };
		W1D2E3F4A5B60002000A0004 /* WidgetCurrencyFormatter.swift */ = {isa = PBXFileReference; lastKnownFileType = sourcecode.swift; path = WidgetCurrencyFormatter.swift; sourceTree = "<group>"; };
		W1D2E3F4A5B60002000A0005 /* ToBudgetWidget.swift */ = {isa = PBXFileReference; lastKnownFileType = sourcecode.swift; path = ToBudgetWidget.swift; sourceTree = "<group>"; };
		W1D2E3F4A5B60002000A0006 /* AccountsWidget.swift */ = {isa = PBXFileReference; lastKnownFileType = sourcecode.swift; path = AccountsWidget.swift; sourceTree = "<group>"; };
		W1D2E3F4A5B60002000A0007 /* BudgetOverviewWidget.swift */ = {isa = PBXFileReference; lastKnownFileType = sourcecode.swift; path = BudgetOverviewWidget.swift; sourceTree = "<group>"; };
		W1D2E3F4A5B60002000A0008 /* SmallToBudgetWidget.swift */ = {isa = PBXFileReference; lastKnownFileType = sourcecode.swift; path = SmallToBudgetWidget.swift; sourceTree = "<group>"; };
		W1D2E3F4A5B60002000A0009 /* MediumAccountsWidget.swift */ = {isa = PBXFileReference; lastKnownFileType = sourcecode.swift; path = MediumAccountsWidget.swift; sourceTree = "<group>"; };
		W1D2E3F4A5B60002000A000A /* LargeBudgetOverviewWidget.swift */ = {isa = PBXFileReference; lastKnownFileType = sourcecode.swift; path = LargeBudgetOverviewWidget.swift; sourceTree = "<group>"; };
		W1D2E3F4A5B60002000A000B /* LockScreenWidgets.swift */ = {isa = PBXFileReference; lastKnownFileType = sourcecode.swift; path = LockScreenWidgets.swift; sourceTree = "<group>"; };
		W1D2E3F4A5B60002000A000C /* WidgetKit.framework */ = {isa = PBXFileReference; lastKnownFileType = wrapper.framework; name = WidgetKit.framework; path = System/Library/Frameworks/WidgetKit.framework; sourceTree = SDKROOT; };
		W1D2E3F4A5B60002000A000D /* SwiftUI.framework */ = {isa = PBXFileReference; lastKnownFileType = wrapper.framework; name = SwiftUI.framework; path = System/Library/Frameworks/SwiftUI.framework; sourceTree = SDKROOT; };
		W1D2E3F4A5B60002000A000E /* FamFinWidget.entitlements */ = {isa = PBXFileReference; lastKnownFileType = text.plist.entitlements; path = FamFinWidget.entitlements; sourceTree = "<group>"; };
		W1D2E3F4A5B60003000A0001 /* FamFinWidgetExtension.appex */ = {isa = PBXFileReference; explicitFileType = "wrapper.app-extension"; includeInIndex = 0; path = FamFinWidgetExtension.appex; sourceTree = BUILT_PRODUCTS_DIR; };
		X1A2B3C4D5E60002000A0001 /* ProfileButton.swift */ = {isa = PBXFileReference; lastKnownFileType = sourcecode.swift; path = ProfileButton.swift; sourceTree = "<group>"; };
		X1A2B3C4D5E60002000A0002 /* AccountDetailView.swift */ = {isa = PBXFileReference; lastKnownFileType = sourcecode.swift; path = AccountDetailView.swift; sourceTree = "<group>"; };
		X1A2B3C4D5E60002000A0003 /* ReconcileView.swift */ = {isa = PBXFileReference; lastKnownFileType = sourcecode.swift; path = ReconcileView.swift; sourceTree = "<group>"; };
		X1A2B3C4D5E60002000A0004 /* CategoryDetailView.swift */ = {isa = PBXFileReference; lastKnownFileType = sourcecode.swift; path = CategoryDetailView.swift; sourceTree = "<group>"; };
		Y1A2B3C4D5E60002000A0001 /* AppearanceMode.swift */ = {isa = PBXFileReference; lastKnownFileType = sourcecode.swift; path = AppearanceMode.swift; sourceTree = "<group>"; };
/* End PBXFileReference section */

/* Begin PBXFrameworksBuildPhase section */
		A1B2C3D4E5F60004000A0001 /* Frameworks */ = {
			isa = PBXFrameworksBuildPhase;
			buildActionMask = 2147483647;
			files = (
			);
			runOnlyForDeploymentPostprocessing = 0;
		};
		B1C2D3E4F5A60004000B0001 /* Frameworks */ = {
			isa = PBXFrameworksBuildPhase;
			buildActionMask = 2147483647;
			files = (
			);
			runOnlyForDeploymentPostprocessing = 0;
		};
		W1D2E3F4A5B60004000A0001 /* Frameworks */ = {
			isa = PBXFrameworksBuildPhase;
			buildActionMask = 2147483647;
			files = (
				W1D2E3F4A5B60001000A001C /* WidgetKit.framework in Frameworks */,
				W1D2E3F4A5B60001000A001D /* SwiftUI.framework in Frameworks */,
			);
			runOnlyForDeploymentPostprocessing = 0;
		};
/* End PBXFrameworksBuildPhase section */

/* Begin PBXGroup section */
		A1B2C3D4E5F60005000A0001 = {
			isa = PBXGroup;
			children = (
				A1B2C3D4E5F60005000A0002 /* FamFin */,
				W1D2E3F4A5B60005000A0001 /* FamFinWidget */,
				B1C2D3E4F5A60005000B0001 /* FamFinTests */,
				A1B2C3D4E5F60005000A000A /* Products */,
				C12D37822F44B8CC00DC3E8F /* Recovered References */,
			);
			sourceTree = "<group>";
		};
		A1B2C3D4E5F60005000A0002 /* FamFin */ = {
			isa = PBXGroup;
			children = (
				A1B2C3D4E5F60002000A0001 /* FamFinApp.swift */,
				A1B2C3D4E5F60002000A0002 /* ContentView.swift */,
				A1B2C3D4E5F60005000A0003 /* Models */,
				A1B2C3D4E5F60005000A0004 /* Views */,
				A1B2C3D4E5F60005000A000B /* Services */,
				A1B2C3D4E5F60002000A000E /* Assets.xcassets */,
				C1D2E3F4A5B60002000C0003 /* FamFin.entitlements */,
				A1B2C3D4E5F60005000A0009 /* Preview Content */,
			);
			path = FamFin;
			sourceTree = "<group>";
		};
		A1B2C3D4E5F60005000A0003 /* Models */ = {
			isa = PBXGroup;
			children = (
				A1B2C3D4E5F60002000A0003 /* Account.swift */,
				A1B2C3D4E5F60002000A0004 /* Transaction.swift */,
				A1B2C3D4E5F60002000A0005 /* Category.swift */,
				A1B2C3D4E5F60002000A0006 /* BudgetMonth.swift */,
				A1B2C3D4E5F60002000A0007 /* BudgetAllocation.swift */,
				A1B2C3D4E5F60002000A0012 /* Payee.swift */,
			);
			path = Models;
			sourceTree = "<group>";
		};
		A1B2C3D4E5F60005000A0004 /* Views */ = {
			isa = PBXGroup;
			children = (
				A1B2C3D4E5F60005000A0005 /* Budget */,
				A1B2C3D4E5F60005000A0006 /* Accounts */,
				A1B2C3D4E5F60005000A0007 /* Transactions */,
				A1B2C3D4E5F60005000A000D /* Settings */,
				P4A1B2C3D5E60003000A0001 /* Onboarding */,
				P4A1B2C3D5E60003000A0002 /* Effects */,
			);
			path = Views;
			sourceTree = "<group>";
		};
		A1B2C3D4E5F60005000A0005 /* Budget */ = {
			isa = PBXGroup;
			children = (
				A1B2C3D4E5F60002000A0009 /* BudgetView.swift */,
				A1B2C3D4E5F60002000A0015 /* ManageCategoriesView.swift */,
				X1A2B3C4D5E60002000A0004 /* CategoryDetailView.swift */,
				M1Y2P3K4R5S60002000A0001 /* MonthYearPicker.swift */,
				F7A8B9C0D1E2F3A4B5C60002 /* AmountKeypad.swift */,
				F7A8B9C0D1E2F3A4B5C60004 /* AmountActionBar.swift */,
				F7A8B9C0D1E2F3A4B5C60006 /* QuickFillPopover.swift */,
				AFB1000000000002 /* AutoFillBudgetView.swift */,
				BSB1000000000002 /* BudgetStatusButtons.swift */,
				FOB1000000000002 /* FixOverbudgetedSheet.swift */,
				FSB1000000000002 /* FixOverspentSheet.swift */,
			);
			path = Budget;
			sourceTree = "<group>";
		};
		A1B2C3D4E5F60005000A0006 /* Accounts */ = {
			isa = PBXGroup;
			children = (
				A1B2C3D4E5F60002000A000A /* AccountsView.swift */,
				X1A2B3C4D5E60002000A0002 /* AccountDetailView.swift */,
				X1A2B3C4D5E60002000A0003 /* ReconcileView.swift */,
			);
			path = Accounts;
			sourceTree = "<group>";
		};
		A1B2C3D4E5F60005000A0007 /* Transactions */ = {
			isa = PBXGroup;
			children = (
				A1B2C3D4E5F60002000A000B /* TransactionsView.swift */,
				T1X0000000000012 /* AddTransactionView.swift */,
				T1X0000000000014 /* EditTransactionView.swift */,
				T1X0000000000006 /* TransactionFormViewModel.swift */,
				T1X000000000000E /* TransactionAmountHeader.swift */,
				T1X0000000000010 /* TransactionFormContent.swift */,
				T1X0000000000008 /* PayeeSearchSheet.swift */,
				T1X000000000000A /* AccountPickerSheet.swift */,
				T1X000000000000C /* CategoryPickerSheet.swift */,
				T1X0000000000002 /* CategoryGrouping.swift */,
				T1X0000000000004 /* PickerRow.swift */,
				T1X0000000000016 /* CalendarDatePicker.swift */,
			);
			path = Transactions;
			sourceTree = "<group>";
		};
		A1B2C3D4E5F60005000A0009 /* Preview Content */ = {
			isa = PBXGroup;
			children = (
				A1B2C3D4E5F60002000A000F /* Preview Assets.xcassets */,
			);
			path = "Preview Content";
			sourceTree = "<group>";
		};
		A1B2C3D4E5F60005000A000A /* Products */ = {
			isa = PBXGroup;
			children = (
				A1B2C3D4E5F60003000A0001 /* FamFin.app */,
				W1D2E3F4A5B60003000A0001 /* FamFinWidgetExtension.appex */,
				B1C2D3E4F5A60003000B0001 /* FamFinTests.xctest */,
			);
			name = Products;
			sourceTree = "<group>";
		};
		A1B2C3D4E5F60005000A000B /* Services */ = {
			isa = PBXGroup;
			children = (
				K1P2D3E4F5A60002000A0001 /* AmountKeypadEngine.swift */,
				A1B2C3D4E5F60002000A0013 /* BudgetCalculator.swift */,
				A1B2C3D4E5F60002000A0011 /* CurrencyFormatter.swift */,
				A1B2C3D4E5F60002000A0016 /* CurrencySettings.swift */,
				A1B2C3D4E5F60002000A0018 /* DataExporter.swift */,
				A1B2C3D4E5F60002000A0010 /* DefaultCategories.swift */,
				P4A1B2C3D5E60002000A0008 /* HapticManager.swift */,
				S1M2O3N4T5H60002000A0001 /* SelectedMonthStore.swift */,
				F1A2B3C4D5E60002000F0003 /* SharedModelContainer.swift */,
				G1A2B3C4D5E60002000A0027 /* SharedModelContainer.swift */,
			);
			path = Services;
			sourceTree = "<group>";
		};
		A1B2C3D4E5F60005000A000D /* Settings */ = {
			isa = PBXGroup;
			children = (
				Y1A2B3C4D5E60002000A0001 /* AppearanceMode.swift */,
				A1B2C3D4E5F60002000A0017 /* SettingsView.swift */,
				X1A2B3C4D5E60002000A0001 /* ProfileButton.swift */,
			);
			path = Settings;
			sourceTree = "<group>";
		};
		B1C2D3E4F5A60005000B0001 /* FamFinTests */ = {
			isa = PBXGroup;
			children = (
				B1C2D3E4F5A60002000B0001 /* TestHelpers.swift */,
				B1C2D3E4F5A60002000B0002 /* AccountTests.swift */,
				B1C2D3E4F5A60002000B0003 /* CategoryTests.swift */,
				K1P2D3E4F5A60002000B0001 /* AmountKeypadEngineTests.swift */,
				B1C2D3E4F5A60002000B0004 /* BudgetCalculatorTests.swift */,
				B1C2D3E4F5A60002000B0005 /* CurrencyFormatterTests.swift */,
				B1C2D3E4F5A60002000B0006 /* DataExporterTests.swift */,
				B1C2D3E4F5A60002000B0007 /* PayeeTests.swift */,
				B1C2D3E4F5A60002000B000A /* BudgetMonthTests.swift */,
				B1C2D3E4F5A60002000B000B /* DefaultCategoriesTests.swift */,
				B1C2D3E4F5A60002000B000E /* CategoryAveragesTests.swift */,
			);
			path = FamFinTests;
			sourceTree = "<group>";
		};
		C12D37822F44B8CC00DC3E8F /* Recovered References */ = {
			isa = PBXGroup;
			children = (
				W1D2E3F4A5B60002000A000C /* WidgetKit.framework */,
				W1D2E3F4A5B60002000A000D /* SwiftUI.framework */,
			);
			name = "Recovered References";
			sourceTree = "<group>";
		};
		P4A1B2C3D5E60003000A0001 /* Onboarding */ = {
			isa = PBXGroup;
			children = (
				P4A1B2C3D5E60002000A0001 /* OnboardingView.swift */,
				P4A1B2C3D5E60002000A0002 /* OnboardingWelcomeStep.swift */,
				P4A1B2C3D5E60002000A0003 /* OnboardingCurrencyStep.swift */,
				P4A1B2C3D5E60002000A0004 /* OnboardingAccountsStep.swift */,
				P4A1B2C3D5E60002000A0005 /* OnboardingCategoriesStep.swift */,
				P4A1B2C3D5E60002000A0006 /* OnboardingCompletionStep.swift */,
			);
			path = Onboarding;
			sourceTree = "<group>";
		};
		P4A1B2C3D5E60003000A0002 /* Effects */ = {
			isa = PBXGroup;
			children = (
				P4A1B2C3D5E60002000A0007 /* ConfettiView.swift */,
			);
			path = Effects;
			sourceTree = "<group>";
		};
		W1D2E3F4A5B60005000A0001 /* FamFinWidget */ = {
			isa = PBXGroup;
			children = (
				W1D2E3F4A5B60002000A0001 /* FamFinWidgetBundle.swift */,
				W1D2E3F4A5B60002000A0002 /* FamFinTimelineProvider.swift */,
				W1D2E3F4A5B60002000A0003 /* WidgetDataProvider.swift */,
				W1D2E3F4A5B60002000A0004 /* WidgetCurrencyFormatter.swift */,
				W1D2E3F4A5B60002000A0005 /* ToBudgetWidget.swift */,
				W1D2E3F4A5B60002000A0006 /* AccountsWidget.swift */,
				W1D2E3F4A5B60002000A0007 /* BudgetOverviewWidget.swift */,
				W1D2E3F4A5B60002000A0008 /* SmallToBudgetWidget.swift */,
				W1D2E3F4A5B60002000A0009 /* MediumAccountsWidget.swift */,
				W1D2E3F4A5B60002000A000A /* LargeBudgetOverviewWidget.swift */,
				W1D2E3F4A5B60002000A000B /* LockScreenWidgets.swift */,
				W1D2E3F4A5B60002000A000E /* FamFinWidget.entitlements */,
			);
			path = FamFinWidget;
			sourceTree = "<group>";
		};
/* End PBXGroup section */

/* Begin PBXNativeTarget section */
		A1B2C3D4E5F60006000A0001 /* FamFin */ = {
			isa = PBXNativeTarget;
			buildConfigurationList = A1B2C3D4E5F60008000A0003 /* Build configuration list for PBXNativeTarget "FamFin" */;
			buildPhases = (
				A1B2C3D4E5F60007000A0001 /* Sources */,
				A1B2C3D4E5F60004000A0001 /* Frameworks */,
				A1B2C3D4E5F60007000A0002 /* Resources */,
				W1D2E3F4A5B60007000A0003 /* Embed Foundation Extensions */,
			);
			buildRules = (
			);
			dependencies = (
				W1D2E3F4A5B60011000A0001 /* PBXTargetDependency */,
			);
			name = FamFin;
			productName = FamFin;
			productReference = A1B2C3D4E5F60003000A0001 /* FamFin.app */;
			productType = "com.apple.product-type.application";
		};
		B1C2D3E4F5A60006000B0001 /* FamFinTests */ = {
			isa = PBXNativeTarget;
			buildConfigurationList = B1C2D3E4F5A60008000B0003 /* Build configuration list for PBXNativeTarget "FamFinTests" */;
			buildPhases = (
				B1C2D3E4F5A60007000B0001 /* Sources */,
				B1C2D3E4F5A60004000B0001 /* Frameworks */,
				B1C2D3E4F5A60007000B0002 /* Resources */,
			);
			buildRules = (
			);
			dependencies = (
				B1C2D3E4F5A60011000B0001 /* PBXTargetDependency */,
			);
			name = FamFinTests;
			productName = FamFinTests;
			productReference = B1C2D3E4F5A60003000B0001 /* FamFinTests.xctest */;
			productType = "com.apple.product-type.bundle.unit-test";
		};
		W1D2E3F4A5B60006000A0001 /* FamFinWidgetExtension */ = {
			isa = PBXNativeTarget;
			buildConfigurationList = W1D2E3F4A5B60008000A0003 /* Build configuration list for PBXNativeTarget "FamFinWidgetExtension" */;
			buildPhases = (
				W1D2E3F4A5B60007000A0001 /* Sources */,
				W1D2E3F4A5B60004000A0001 /* Frameworks */,
				W1D2E3F4A5B60007000A0002 /* Resources */,
			);
			buildRules = (
			);
			dependencies = (
			);
			name = FamFinWidgetExtension;
			productName = FamFinWidgetExtension;
			productReference = W1D2E3F4A5B60003000A0001 /* FamFinWidgetExtension.appex */;
			productType = "com.apple.product-type.app-extension";
		};
/* End PBXNativeTarget section */

/* Begin PBXProject section */
		A1B2C3D4E5F60009000A0001 /* Project object */ = {
			isa = PBXProject;
			attributes = {
				BuildIndependentTargetsInParallel = 1;
				LastSwiftUpdateCheck = 1620;
				LastUpgradeCheck = 2620;
				TargetAttributes = {
					A1B2C3D4E5F60006000A0001 = {
						CreatedOnToolsVersion = 16.2;
					};
					B1C2D3E4F5A60006000B0001 = {
						CreatedOnToolsVersion = 16.2;
						TestTargetID = A1B2C3D4E5F60006000A0001;
					};
				};
				W1D2E3F4A5B60006000A0001 = {
					CreatedOnToolsVersion = 16.2;
				};
			};
			buildConfigurationList = A1B2C3D4E5F60008000A0001 /* Build configuration list for PBXProject "FamFin" */;
			compatibilityVersion = "Xcode 14.0";
			developmentRegion = en;
			hasScannedForEncodings = 0;
			knownRegions = (
				en,
				Base,
			);
			mainGroup = A1B2C3D4E5F60005000A0001;
			productRefGroup = A1B2C3D4E5F60005000A000A /* Products */;
			projectDirPath = "";
			projectRoot = "";
			targets = (
				A1B2C3D4E5F60006000A0001 /* FamFin */,
				W1D2E3F4A5B60006000A0001 /* FamFinWidgetExtension */,
				B1C2D3E4F5A60006000B0001 /* FamFinTests */,
			);
		};
/* End PBXProject section */

/* Begin PBXResourcesBuildPhase section */
		A1B2C3D4E5F60007000A0002 /* Resources */ = {
			isa = PBXResourcesBuildPhase;
			buildActionMask = 2147483647;
			files = (
				A1B2C3D4E5F60001000A000F /* Preview Assets.xcassets in Resources */,
				A1B2C3D4E5F60001000A000E /* Assets.xcassets in Resources */,
			);
			runOnlyForDeploymentPostprocessing = 0;
		};
		B1C2D3E4F5A60007000B0002 /* Resources */ = {
			isa = PBXResourcesBuildPhase;
			buildActionMask = 2147483647;
			files = (
			);
			runOnlyForDeploymentPostprocessing = 0;
		};
		W1D2E3F4A5B60007000A0002 /* Resources */ = {
			isa = PBXResourcesBuildPhase;
			buildActionMask = 2147483647;
			files = (
			);
			runOnlyForDeploymentPostprocessing = 0;
		};
/* End PBXResourcesBuildPhase section */

/* Begin PBXSourcesBuildPhase section */
		A1B2C3D4E5F60007000A0001 /* Sources */ = {
			isa = PBXSourcesBuildPhase;
			buildActionMask = 2147483647;
			files = (
				A1B2C3D4E5F60001000A0001 /* FamFinApp.swift in Sources */,
				A1B2C3D4E5F60001000A0002 /* ContentView.swift in Sources */,
				A1B2C3D4E5F60001000A0003 /* Account.swift in Sources */,
				A1B2C3D4E5F60001000A0004 /* Transaction.swift in Sources */,
				A1B2C3D4E5F60001000A0005 /* Category.swift in Sources */,
				A1B2C3D4E5F60001000A0006 /* BudgetMonth.swift in Sources */,
				A1B2C3D4E5F60001000A0007 /* BudgetAllocation.swift in Sources */,
				A1B2C3D4E5F60001000A0009 /* BudgetView.swift in Sources */,
				M1Y2P3K4R5S60001000A0001 /* MonthYearPicker.swift in Sources */,
				F7A8B9C0D1E2F3A4B5C60001 /* AmountKeypad.swift in Sources */,
				F7A8B9C0D1E2F3A4B5C60003 /* AmountActionBar.swift in Sources */,
				F7A8B9C0D1E2F3A4B5C60005 /* QuickFillPopover.swift in Sources */,
				AFB1000000000001 /* AutoFillBudgetView.swift in Sources */,
				BSB1000000000001 /* BudgetStatusButtons.swift in Sources */,
				FOB1000000000001 /* FixOverbudgetedSheet.swift in Sources */,
				FSB1000000000001 /* FixOverspentSheet.swift in Sources */,
				A1B2C3D4E5F60001000A000A /* AccountsView.swift in Sources */,
				A1B2C3D4E5F60001000A000B /* TransactionsView.swift in Sources */,
				T1X0000000000001 /* CategoryGrouping.swift in Sources */,
				T1X0000000000003 /* PickerRow.swift in Sources */,
				T1X0000000000005 /* TransactionFormViewModel.swift in Sources */,
				T1X0000000000007 /* PayeeSearchSheet.swift in Sources */,
				T1X0000000000009 /* AccountPickerSheet.swift in Sources */,
				T1X000000000000B /* CategoryPickerSheet.swift in Sources */,
				T1X000000000000D /* TransactionAmountHeader.swift in Sources */,
				T1X000000000000F /* TransactionFormContent.swift in Sources */,
				T1X0000000000011 /* AddTransactionView.swift in Sources */,
				T1X0000000000013 /* EditTransactionView.swift in Sources */,
				T1X0000000000015 /* CalendarDatePicker.swift in Sources */,
				A1B2C3D4E5F60001000A0010 /* DefaultCategories.swift in Sources */,
				A1B2C3D4E5F60001000A0011 /* CurrencyFormatter.swift in Sources */,
				A1B2C3D4E5F60001000A0012 /* Payee.swift in Sources */,
				A1B2C3D4E5F60001000A0013 /* BudgetCalculator.swift in Sources */,
				A1B2C3D4E5F60001000A0015 /* ManageCategoriesView.swift in Sources */,
				A1B2C3D4E5F60001000A0016 /* CurrencySettings.swift in Sources */,
				A1B2C3D4E5F60001000A0017 /* SettingsView.swift in Sources */,
				A1B2C3D4E5F60001000A0018 /* DataExporter.swift in Sources */,
				K1P2D3E4F5A60001000A0001 /* AmountKeypadEngine.swift in Sources */,
				F1A2B3C4D5E60001000F0003 /* SharedModelContainer.swift in Sources */,
				P4A1B2C3D5E60001000A0001 /* OnboardingView.swift in Sources */,
				P4A1B2C3D5E60001000A0002 /* OnboardingWelcomeStep.swift in Sources */,
				P4A1B2C3D5E60001000A0003 /* OnboardingCurrencyStep.swift in Sources */,
				P4A1B2C3D5E60001000A0004 /* OnboardingAccountsStep.swift in Sources */,
				P4A1B2C3D5E60001000A0005 /* OnboardingCategoriesStep.swift in Sources */,
				P4A1B2C3D5E60001000A0006 /* OnboardingCompletionStep.swift in Sources */,
				P4A1B2C3D5E60001000A0007 /* ConfettiView.swift in Sources */,
				P4A1B2C3D5E60001000A0008 /* HapticManager.swift in Sources */,
				S1M2O3N4T5H60001000A0001 /* SelectedMonthStore.swift in Sources */,
				X1A2B3C4D5E60001000A0001 /* ProfileButton.swift in Sources */,
				Y1A2B3C4D5E60001000A0001 /* AppearanceMode.swift in Sources */,
				X1A2B3C4D5E60001000A0002 /* AccountDetailView.swift in Sources */,
				X1A2B3C4D5E60001000A0003 /* ReconcileView.swift in Sources */,
				X1A2B3C4D5E60001000A0004 /* CategoryDetailView.swift in Sources */,
			);
			runOnlyForDeploymentPostprocessing = 0;
		};
		B1C2D3E4F5A60007000B0001 /* Sources */ = {
			isa = PBXSourcesBuildPhase;
			buildActionMask = 2147483647;
			files = (
				B1C2D3E4F5A60001000B0001 /* TestHelpers.swift in Sources */,
				B1C2D3E4F5A60001000B0002 /* AccountTests.swift in Sources */,
				B1C2D3E4F5A60001000B0003 /* CategoryTests.swift in Sources */,
				B1C2D3E4F5A60001000B0004 /* BudgetCalculatorTests.swift in Sources */,
				K1P2D3E4F5A60001000B0001 /* AmountKeypadEngineTests.swift in Sources */,
				B1C2D3E4F5A60001000B0005 /* CurrencyFormatterTests.swift in Sources */,
				B1C2D3E4F5A60001000B0006 /* DataExporterTests.swift in Sources */,
				B1C2D3E4F5A60001000B0007 /* PayeeTests.swift in Sources */,
				B1C2D3E4F5A60001000B000A /* BudgetMonthTests.swift in Sources */,
				B1C2D3E4F5A60001000B000B /* DefaultCategoriesTests.swift in Sources */,
				B1C2D3E4F5A60001000B000E /* CategoryAveragesTests.swift in Sources */,
			);
			runOnlyForDeploymentPostprocessing = 0;
		};
		W1D2E3F4A5B60007000A0001 /* Sources */ = {
			isa = PBXSourcesBuildPhase;
			buildActionMask = 2147483647;
			files = (
				W1D2E3F4A5B60001000A0001 /* FamFinWidgetBundle.swift in Sources */,
				W1D2E3F4A5B60001000A0002 /* FamFinTimelineProvider.swift in Sources */,
				W1D2E3F4A5B60001000A0003 /* WidgetDataProvider.swift in Sources */,
				W1D2E3F4A5B60001000A0004 /* WidgetCurrencyFormatter.swift in Sources */,
				W1D2E3F4A5B60001000A0005 /* ToBudgetWidget.swift in Sources */,
				W1D2E3F4A5B60001000A0006 /* AccountsWidget.swift in Sources */,
				W1D2E3F4A5B60001000A0007 /* BudgetOverviewWidget.swift in Sources */,
				W1D2E3F4A5B60001000A0008 /* SmallToBudgetWidget.swift in Sources */,
				W1D2E3F4A5B60001000A0009 /* MediumAccountsWidget.swift in Sources */,
				W1D2E3F4A5B60001000A000A /* LargeBudgetOverviewWidget.swift in Sources */,
				W1D2E3F4A5B60001000A000B /* LockScreenWidgets.swift in Sources */,
				W1D2E3F4A5B60001000A0010 /* Account.swift in Sources */,
				W1D2E3F4A5B60001000A0011 /* Transaction.swift in Sources */,
				W1D2E3F4A5B60001000A0012 /* Category.swift in Sources */,
				W1D2E3F4A5B60001000A0013 /* BudgetMonth.swift in Sources */,
				W1D2E3F4A5B60001000A0014 /* BudgetAllocation.swift in Sources */,
				W1D2E3F4A5B60001000A0016 /* Payee.swift in Sources */,
				W1D2E3F4A5B60001000A0018 /* BudgetCalculator.swift in Sources */,
				W1D2E3F4A5B60001000A0019 /* CurrencySettings.swift in Sources */,
				W1D2E3F4A5B60001000A001A /* SharedModelContainer.swift in Sources */,
			);
			runOnlyForDeploymentPostprocessing = 0;
		};
/* End PBXSourcesBuildPhase section */

/* Begin PBXTargetDependency section */
		B1C2D3E4F5A60011000B0001 /* PBXTargetDependency */ = {
			isa = PBXTargetDependency;
			target = A1B2C3D4E5F60006000A0001 /* FamFin */;
			targetProxy = B1C2D3E4F5A60010000B0001 /* PBXContainerItemProxy */;
		};
		W1D2E3F4A5B60011000A0001 /* PBXTargetDependency */ = {
			isa = PBXTargetDependency;
			target = W1D2E3F4A5B60006000A0001 /* FamFinWidgetExtension */;
			targetProxy = W1D2E3F4A5B60010000A0001 /* PBXContainerItemProxy */;
		};
/* End PBXTargetDependency section */

/* Begin XCBuildConfiguration section */
		A1B2C3D4E5F60008000A0004 /* Debug */ = {
			isa = XCBuildConfiguration;
			buildSettings = {
				ALWAYS_SEARCH_USER_PATHS = NO;
				ASSETCATALOG_COMPILER_GENERATE_SWIFT_ASSET_SYMBOL_EXTENSIONS = YES;
				CLANG_ANALYZER_NONNULL = YES;
				CLANG_ANALYZER_NUMBER_OBJECT_CONVERSION = YES_AGGRESSIVE;
				CLANG_CXX_LANGUAGE_STANDARD = "gnu++20";
				CLANG_ENABLE_MODULES = YES;
				CLANG_ENABLE_OBJC_ARC = YES;
				CLANG_ENABLE_OBJC_WEAK = YES;
				CLANG_WARN_BLOCK_CAPTURE_AUTORELEASING = YES;
				CLANG_WARN_BOOL_CONVERSION = YES;
				CLANG_WARN_COMMA = YES;
				CLANG_WARN_CONSTANT_CONVERSION = YES;
				CLANG_WARN_DEPRECATED_OBJC_IMPLEMENTATIONS = YES;
				CLANG_WARN_DIRECT_OBJC_ISA_USAGE = YES_ERROR;
				CLANG_WARN_DOCUMENTATION_COMMENTS = YES;
				CLANG_WARN_EMPTY_BODY = YES;
				CLANG_WARN_ENUM_CONVERSION = YES;
				CLANG_WARN_INFINITE_RECURSION = YES;
				CLANG_WARN_INT_CONVERSION = YES;
				CLANG_WARN_NON_LITERAL_NULL_CONVERSION = YES;
				CLANG_WARN_OBJC_IMPLICIT_RETAIN_SELF = YES;
				CLANG_WARN_OBJC_LITERAL_CONVERSION = YES;
				CLANG_WARN_OBJC_ROOT_CLASS = YES_ERROR;
				CLANG_WARN_QUOTED_INCLUDE_IN_FRAMEWORK_HEADER = YES;
				CLANG_WARN_RANGE_LOOP_ANALYSIS = YES;
				CLANG_WARN_STRICT_PROTOTYPES = YES;
				CLANG_WARN_SUSPICIOUS_MOVE = YES;
				CLANG_WARN_UNGUARDED_AVAILABILITY = YES_AGGRESSIVE;
				CLANG_WARN_UNREACHABLE_CODE = YES;
				CLANG_WARN__DUPLICATE_METHOD_MATCH = YES;
				COPY_PHASE_STRIP = NO;
				DEBUG_INFORMATION_FORMAT = dwarf;
				DEVELOPMENT_TEAM = PH88BM78VD;
				ENABLE_STRICT_OBJC_MSGSEND = YES;
				ENABLE_TESTABILITY = YES;
				ENABLE_USER_SCRIPT_SANDBOXING = YES;
				GCC_C_LANGUAGE_STANDARD = gnu17;
				GCC_DYNAMIC_NO_PIC = NO;
				GCC_NO_COMMON_BLOCKS = YES;
				GCC_OPTIMIZATION_LEVEL = 0;
				GCC_PREPROCESSOR_DEFINITIONS = (
					"DEBUG=1",
					"$(inherited)",
				);
				GCC_WARN_64_TO_32_BIT_CONVERSION = YES;
				GCC_WARN_ABOUT_RETURN_TYPE = YES_ERROR;
				GCC_WARN_UNDECLARED_SELECTOR = YES;
				GCC_WARN_UNINITIALIZED_AUTOS = YES_AGGRESSIVE;
				GCC_WARN_UNUSED_FUNCTION = YES;
				GCC_WARN_UNUSED_VARIABLE = YES;
				IPHONEOS_DEPLOYMENT_TARGET = 26.0;
				LOCALIZATION_PREFERS_STRING_CATALOGS = YES;
				MTL_ENABLE_DEBUG_INFO = INCLUDE_SOURCE;
				MTL_FAST_MATH = YES;
				ONLY_ACTIVE_ARCH = YES;
				SDKROOT = iphoneos;
				STRING_CATALOG_GENERATE_SYMBOLS = YES;
				SWIFT_ACTIVE_COMPILATION_CONDITIONS = "$(inherited) DEBUG";
				SWIFT_OPTIMIZATION_LEVEL = "-Onone";
			};
			name = Debug;
		};
		A1B2C3D4E5F60008000A0005 /* Release */ = {
			isa = XCBuildConfiguration;
			buildSettings = {
				ALWAYS_SEARCH_USER_PATHS = NO;
				ASSETCATALOG_COMPILER_GENERATE_SWIFT_ASSET_SYMBOL_EXTENSIONS = YES;
				CLANG_ANALYZER_NONNULL = YES;
				CLANG_ANALYZER_NUMBER_OBJECT_CONVERSION = YES_AGGRESSIVE;
				CLANG_CXX_LANGUAGE_STANDARD = "gnu++20";
				CLANG_ENABLE_MODULES = YES;
				CLANG_ENABLE_OBJC_ARC = YES;
				CLANG_ENABLE_OBJC_WEAK = YES;
				CLANG_WARN_BLOCK_CAPTURE_AUTORELEASING = YES;
				CLANG_WARN_BOOL_CONVERSION = YES;
				CLANG_WARN_COMMA = YES;
				CLANG_WARN_CONSTANT_CONVERSION = YES;
				CLANG_WARN_DEPRECATED_OBJC_IMPLEMENTATIONS = YES;
				CLANG_WARN_DIRECT_OBJC_ISA_USAGE = YES_ERROR;
				CLANG_WARN_DOCUMENTATION_COMMENTS = YES;
				CLANG_WARN_EMPTY_BODY = YES;
				CLANG_WARN_ENUM_CONVERSION = YES;
				CLANG_WARN_INFINITE_RECURSION = YES;
				CLANG_WARN_INT_CONVERSION = YES;
				CLANG_WARN_NON_LITERAL_NULL_CONVERSION = YES;
				CLANG_WARN_OBJC_IMPLICIT_RETAIN_SELF = YES;
				CLANG_WARN_OBJC_LITERAL_CONVERSION = YES;
				CLANG_WARN_OBJC_ROOT_CLASS = YES_ERROR;
				CLANG_WARN_QUOTED_INCLUDE_IN_FRAMEWORK_HEADER = YES;
				CLANG_WARN_RANGE_LOOP_ANALYSIS = YES;
				CLANG_WARN_STRICT_PROTOTYPES = YES;
				CLANG_WARN_SUSPICIOUS_MOVE = YES;
				CLANG_WARN_UNGUARDED_AVAILABILITY = YES_AGGRESSIVE;
				CLANG_WARN_UNREACHABLE_CODE = YES;
				CLANG_WARN__DUPLICATE_METHOD_MATCH = YES;
				COPY_PHASE_STRIP = NO;
				DEBUG_INFORMATION_FORMAT = "dwarf-with-dsym";
				DEVELOPMENT_TEAM = PH88BM78VD;
				ENABLE_NS_ASSERTIONS = NO;
				ENABLE_STRICT_OBJC_MSGSEND = YES;
				ENABLE_USER_SCRIPT_SANDBOXING = YES;
				GCC_C_LANGUAGE_STANDARD = gnu17;
				GCC_NO_COMMON_BLOCKS = YES;
				GCC_WARN_64_TO_32_BIT_CONVERSION = YES;
				GCC_WARN_ABOUT_RETURN_TYPE = YES_ERROR;
				GCC_WARN_UNDECLARED_SELECTOR = YES;
				GCC_WARN_UNINITIALIZED_AUTOS = YES_AGGRESSIVE;
				GCC_WARN_UNUSED_FUNCTION = YES;
				GCC_WARN_UNUSED_VARIABLE = YES;
				IPHONEOS_DEPLOYMENT_TARGET = 26.0;
				LOCALIZATION_PREFERS_STRING_CATALOGS = YES;
				MTL_ENABLE_DEBUG_INFO = NO;
				MTL_FAST_MATH = YES;
				SDKROOT = iphoneos;
				STRING_CATALOG_GENERATE_SYMBOLS = YES;
				SWIFT_COMPILATION_MODE = wholemodule;
				VALIDATE_PRODUCT = YES;
			};
			name = Release;
		};
		A1B2C3D4E5F60008000A0006 /* Debug */ = {
			isa = XCBuildConfiguration;
			buildSettings = {
				ASSETCATALOG_COMPILER_APPICON_NAME = AppIcon;
				ASSETCATALOG_COMPILER_GLOBAL_ACCENT_COLOR_NAME = AccentColor;
				CODE_SIGN_ENTITLEMENTS = FamFin/FamFin.entitlements;
				CODE_SIGN_STYLE = Automatic;
				CURRENT_PROJECT_VERSION = 1;
				DEVELOPMENT_ASSET_PATHS = "\"FamFin/Preview Content\"";
				DEVELOPMENT_TEAM = PH88BM78VD;
				ENABLE_PREVIEWS = YES;
				GENERATE_INFOPLIST_FILE = YES;
				INFOPLIST_KEY_CFBundleDisplayName = FamFin;
				INFOPLIST_KEY_UIApplicationSceneManifest_Generation = YES;
				INFOPLIST_KEY_UIApplicationSupportsIndirectInputEvents = YES;
				INFOPLIST_KEY_UILaunchScreen_Generation = YES;
				INFOPLIST_KEY_UIStatusBarStyle = "";
				INFOPLIST_KEY_UISupportedInterfaceOrientations = UIInterfaceOrientationPortrait;
				INFOPLIST_KEY_UISupportedInterfaceOrientations_iPad = "UIInterfaceOrientationLandscapeLeft UIInterfaceOrientationLandscapeRight UIInterfaceOrientationPortrait UIInterfaceOrientationPortraitUpsideDown";
				LD_RUNPATH_SEARCH_PATHS = (
					"$(inherited)",
					"@executable_path/Frameworks",
				);
				MARKETING_VERSION = 1.0;
				PRODUCT_BUNDLE_IDENTIFIER = com.petehamilton.famfin;
				PRODUCT_NAME = "$(TARGET_NAME)";
				SWIFT_EMIT_LOC_STRINGS = YES;
				SWIFT_STRICT_CONCURRENCY = minimal;
				SWIFT_VERSION = 5.0;
				TARGETED_DEVICE_FAMILY = 1;
			};
			name = Debug;
		};
		A1B2C3D4E5F60008000A0007 /* Release */ = {
			isa = XCBuildConfiguration;
			buildSettings = {
				ASSETCATALOG_COMPILER_APPICON_NAME = AppIcon;
				ASSETCATALOG_COMPILER_GLOBAL_ACCENT_COLOR_NAME = AccentColor;
				CODE_SIGN_ENTITLEMENTS = FamFin/FamFin.entitlements;
				CODE_SIGN_STYLE = Automatic;
				CURRENT_PROJECT_VERSION = 1;
				DEVELOPMENT_ASSET_PATHS = "\"FamFin/Preview Content\"";
				DEVELOPMENT_TEAM = PH88BM78VD;
				ENABLE_PREVIEWS = YES;
				GENERATE_INFOPLIST_FILE = YES;
				INFOPLIST_KEY_CFBundleDisplayName = FamFin;
				INFOPLIST_KEY_UIApplicationSceneManifest_Generation = YES;
				INFOPLIST_KEY_UIApplicationSupportsIndirectInputEvents = YES;
				INFOPLIST_KEY_UILaunchScreen_Generation = YES;
				INFOPLIST_KEY_UIStatusBarStyle = "";
				INFOPLIST_KEY_UISupportedInterfaceOrientations = UIInterfaceOrientationPortrait;
				INFOPLIST_KEY_UISupportedInterfaceOrientations_iPad = "UIInterfaceOrientationLandscapeLeft UIInterfaceOrientationLandscapeRight UIInterfaceOrientationPortrait UIInterfaceOrientationPortraitUpsideDown";
				LD_RUNPATH_SEARCH_PATHS = (
					"$(inherited)",
					"@executable_path/Frameworks",
				);
				MARKETING_VERSION = 1.0;
				PRODUCT_BUNDLE_IDENTIFIER = com.petehamilton.famfin;
				PRODUCT_NAME = "$(TARGET_NAME)";
				SWIFT_EMIT_LOC_STRINGS = YES;
				SWIFT_STRICT_CONCURRENCY = minimal;
				SWIFT_VERSION = 5.0;
				TARGETED_DEVICE_FAMILY = 1;
			};
			name = Release;
		};
		B1C2D3E4F5A60008000B0006 /* Debug */ = {
			isa = XCBuildConfiguration;
			buildSettings = {
				BUNDLE_LOADER = "$(TEST_HOST)";
				CODE_SIGN_STYLE = Automatic;
				CURRENT_PROJECT_VERSION = 1;
				GENERATE_INFOPLIST_FILE = YES;
				IPHONEOS_DEPLOYMENT_TARGET = 26.0;
				MARKETING_VERSION = 1.0;
				PRODUCT_BUNDLE_IDENTIFIER = com.petehamilton.famfin.tests;
				PRODUCT_NAME = "$(TARGET_NAME)";
				SWIFT_EMIT_LOC_STRINGS = NO;
				SWIFT_STRICT_CONCURRENCY = minimal;
				SWIFT_VERSION = 5.0;
				TARGETED_DEVICE_FAMILY = 1;
				TEST_HOST = "$(BUILT_PRODUCTS_DIR)/FamFin.app/$(BUNDLE_EXECUTABLE_FOLDER_PATH)/FamFin";
			};
			name = Debug;
		};
		B1C2D3E4F5A60008000B0007 /* Release */ = {
			isa = XCBuildConfiguration;
			buildSettings = {
				BUNDLE_LOADER = "$(TEST_HOST)";
				CODE_SIGN_STYLE = Automatic;
				CURRENT_PROJECT_VERSION = 1;
				GENERATE_INFOPLIST_FILE = YES;
				IPHONEOS_DEPLOYMENT_TARGET = 26.0;
				MARKETING_VERSION = 1.0;
				PRODUCT_BUNDLE_IDENTIFIER = com.petehamilton.famfin.tests;
				PRODUCT_NAME = "$(TARGET_NAME)";
				SWIFT_EMIT_LOC_STRINGS = NO;
				SWIFT_STRICT_CONCURRENCY = minimal;
				SWIFT_VERSION = 5.0;
				TARGETED_DEVICE_FAMILY = 1;
				TEST_HOST = "$(BUILT_PRODUCTS_DIR)/FamFin.app/$(BUNDLE_EXECUTABLE_FOLDER_PATH)/FamFin";
			};
			name = Release;
		};
		W1D2E3F4A5B60008000A0006 /* Debug */ = {
			isa = XCBuildConfiguration;
			buildSettings = {
				ASSETCATALOG_COMPILER_GLOBAL_ACCENT_COLOR_NAME = AccentColor;
				ASSETCATALOG_COMPILER_WIDGET_BACKGROUND_COLOR_NAME = WidgetBackground;
				CODE_SIGN_ENTITLEMENTS = FamFinWidget/FamFinWidget.entitlements;
				CODE_SIGN_STYLE = Automatic;
				CURRENT_PROJECT_VERSION = 1;
				GENERATE_INFOPLIST_FILE = YES;
				INFOPLIST_FILE = FamFinWidget/Info.plist;
				INFOPLIST_KEY_CFBundleDisplayName = FamFinWidget;
				INFOPLIST_KEY_NSHumanReadableCopyright = "";
				LD_RUNPATH_SEARCH_PATHS = (
					"$(inherited)",
					"@executable_path/Frameworks",
					"@executable_path/../../Frameworks",
				);
				MARKETING_VERSION = 1.0;
				PRODUCT_BUNDLE_IDENTIFIER = com.petehamilton.famfin.widget;
				PRODUCT_NAME = "$(TARGET_NAME)";
				SKIP_INSTALL = YES;
				SWIFT_EMIT_LOC_STRINGS = YES;
				SWIFT_STRICT_CONCURRENCY = minimal;
				SWIFT_VERSION = 5.0;
				TARGETED_DEVICE_FAMILY = 1;
			};
			name = Debug;
		};
		W1D2E3F4A5B60008000A0007 /* Release */ = {
			isa = XCBuildConfiguration;
			buildSettings = {
				ASSETCATALOG_COMPILER_GLOBAL_ACCENT_COLOR_NAME = AccentColor;
				ASSETCATALOG_COMPILER_WIDGET_BACKGROUND_COLOR_NAME = WidgetBackground;
				CODE_SIGN_ENTITLEMENTS = FamFinWidget/FamFinWidget.entitlements;
				CODE_SIGN_STYLE = Automatic;
				CURRENT_PROJECT_VERSION = 1;
				GENERATE_INFOPLIST_FILE = YES;
				INFOPLIST_FILE = FamFinWidget/Info.plist;
				INFOPLIST_KEY_CFBundleDisplayName = FamFinWidget;
				INFOPLIST_KEY_NSHumanReadableCopyright = "";
				LD_RUNPATH_SEARCH_PATHS = (
					"$(inherited)",
					"@executable_path/Frameworks",
					"@executable_path/../../Frameworks",
				);
				MARKETING_VERSION = 1.0;
				PRODUCT_BUNDLE_IDENTIFIER = com.petehamilton.famfin.widget;
				PRODUCT_NAME = "$(TARGET_NAME)";
				SKIP_INSTALL = YES;
				SWIFT_EMIT_LOC_STRINGS = YES;
				SWIFT_STRICT_CONCURRENCY = minimal;
				SWIFT_VERSION = 5.0;
				TARGETED_DEVICE_FAMILY = 1;
			};
			name = Release;
		};
/* End XCBuildConfiguration section */

/* Begin XCConfigurationList section */
		A1B2C3D4E5F60008000A0001 /* Build configuration list for PBXProject "FamFin" */ = {
			isa = XCConfigurationList;
			buildConfigurations = (
				A1B2C3D4E5F60008000A0004 /* Debug */,
				A1B2C3D4E5F60008000A0005 /* Release */,
			);
			defaultConfigurationIsVisible = 0;
			defaultConfigurationName = Release;
		};
		A1B2C3D4E5F60008000A0003 /* Build configuration list for PBXNativeTarget "FamFin" */ = {
			isa = XCConfigurationList;
			buildConfigurations = (
				A1B2C3D4E5F60008000A0006 /* Debug */,
				A1B2C3D4E5F60008000A0007 /* Release */,
			);
			defaultConfigurationIsVisible = 0;
			defaultConfigurationName = Release;
		};
		B1C2D3E4F5A60008000B0003 /* Build configuration list for PBXNativeTarget "FamFinTests" */ = {
			isa = XCConfigurationList;
			buildConfigurations = (
				B1C2D3E4F5A60008000B0006 /* Debug */,
				B1C2D3E4F5A60008000B0007 /* Release */,
			);
			defaultConfigurationIsVisible = 0;
			defaultConfigurationName = Release;
		};
		W1D2E3F4A5B60008000A0003 /* Build configuration list for PBXNativeTarget "FamFinWidgetExtension" */ = {
			isa = XCConfigurationList;
			buildConfigurations = (
				W1D2E3F4A5B60008000A0006 /* Debug */,
				W1D2E3F4A5B60008000A0007 /* Release */,
			);
			defaultConfigurationIsVisible = 0;
			defaultConfigurationName = Release;
		};
/* End XCConfigurationList section */
	};
	rootObject = A1B2C3D4E5F60009000A0001 /* Project object */;
}
